
Microsoft Visual Studio Solution File, Format Version 12.00
# Visual Studio Version 16
VisualStudioVersion = 16.0.30523.141
MinimumVisualStudioVersion = 10.0.40219.1
Project("{8BC9CEB8-8B4A-11D0-8D11-00A0C91BC942}") = "Лабораторна робота №4.6", "Лабораторна робота №4.6\Лабораторна робота №4.6.vcxproj", "{191C0C92-CB50-40A2-8FDF-EAC1614FDDB8}"
EndProject
Global
	GlobalSection(SolutionConfigurationPlatforms) = preSolution
		Debug|x64 = Debug|x64
		Debug|x86 = Debug|x86
		Release|x64 = Release|x64
		Release|x86 = Release|x86
	EndGlobalSection
	GlobalSection(ProjectConfigurationPlatforms) = postSolution
		{191C0C92-CB50-40A2-8FDF-EAC1614FDDB8}.Debug|x64.ActiveCfg = Debug|x64
		{191C0C92-CB50-40A2-8FDF-EAC1614FDDB8}.Debug|x64.Build.0 = Debug|x64
		{191C0C92-CB50-40A2-8FDF-EAC1614FDDB8}.Debug|x86.ActiveCfg = Debug|Win32
		{191C0C92-CB50-40A2-8FDF-EAC1614FDDB8}.Debug|x86.Build.0 = Debug|Win32
		{191C0C92-CB50-40A2-8FDF-EAC1614FDDB8}.Release|x64.ActiveCfg = Release|x64
		{191C0C92-CB50-40A2-8FDF-EAC1614FDDB8}.Release|x64.Build.0 = Release|x64
		{191C0C92-CB50-40A2-8FDF-EAC1614FDDB8}.Release|x86.ActiveCfg = Release|Win32
		{191C0C92-CB50-40A2-8FDF-EAC1614FDDB8}.Release|x86.Build.0 = Release|Win32
	EndGlobalSection
	GlobalSection(SolutionProperties) = preSolution
		HideSolutionNode = FALSE
	EndGlobalSection
	GlobalSection(ExtensibilityGlobals) = postSolution
		SolutionGuid = {87A10BC7-36F0-49F0-93BE-0D239AA54B18}
	EndGlobalSection
EndGlobal
